<Solution>
  <Folder Name="/src/">
    <Project Path="src/FSharp.Refactor.Analyzers/FSharp.Refactor.Analyzers.fsproj" />
    <Project Path="src/FSharp.Refactor.Analyzers.Ionide/FSharp.Refactor.Analyzers.Ionide.fsproj" />
  </Folder>
  <Folder Name="/tests/">
    <Project Path="tests/FSharp.Refactor.Tests/FSharp.Refactor.Tests.fsproj" />
  </Folder>
</Solution>
